// !$*UTF8*$!
{
	archiveVersion = 1;
	classes = {
	};
	objectVersion = 46;
	objects = {

/* Begin PBXBuildFile section */
		925BD11F19DC2CC100E120BD /* Foundation.framework in Frameworks */ = {isa = PBXBuildFile; fileRef = 925BD11E19DC2CC100E120BD /* Foundation.framework */; };
		925BD12119DC2CC100E120BD /* CoreGraphics.framework in Frameworks */ = {isa = PBXBuildFile; fileRef = 925BD12019DC2CC100E120BD /* CoreGraphics.framework */; };
		925BD12319DC2CC100E120BD /* UIKit.framework in Frameworks */ = {isa = PBXBuildFile; fileRef = 925BD12219DC2CC100E120BD /* UIKit.framework */; };
		925BD12919DC2CC100E120BD /* InfoPlist.strings in Resources */ = {isa = PBXBuildFile; fileRef = 925BD12719DC2CC100E120BD /* InfoPlist.strings */; };
		925BD12B19DC2CC100E120BD /* main.m in Sources */ = {isa = PBXBuildFile; fileRef = 925BD12A19DC2CC100E120BD /* main.m */; };
		925BD12F19DC2CC100E120BD /* AppDelegate.m in Sources */ = {isa = PBXBuildFile; fileRef = 925BD12E19DC2CC100E120BD /* AppDelegate.m */; };
		925BD13119DC2CC100E120BD /* Images.xcassets in Resources */ = {isa = PBXBuildFile; fileRef = 925BD13019DC2CC100E120BD /* Images.xcassets */; };
		925BD13819DC2CC100E120BD /* XCTest.framework in Frameworks */ = {isa = PBXBuildFile; fileRef = 925BD13719DC2CC100E120BD /* XCTest.framework */; };
		925BD13919DC2CC100E120BD /* Foundation.framework in Frameworks */ = {isa = PBXBuildFile; fileRef = 925BD11E19DC2CC100E120BD /* Foundation.framework */; };
		925BD13A19DC2CC100E120BD /* UIKit.framework in Frameworks */ = {isa = PBXBuildFile; fileRef = 925BD12219DC2CC100E120BD /* UIKit.framework */; };
		925BD14219DC2CC100E120BD /* InfoPlist.strings in Resources */ = {isa = PBXBuildFile; fileRef = 925BD14019DC2CC100E120BD /* InfoPlist.strings */; };
		925BD14419DC2CC100E120BD /* CameraTests.m in Sources */ = {isa = PBXBuildFile; fileRef = 925BD14319DC2CC100E120BD /* CameraTests.m */; };
		9294F3AE19DC2D06003B103D /* ViewController.m in Sources */ = {isa = PBXBuildFile; fileRef = 9294F3AC19DC2D06003B103D /* ViewController.m */; };
		9294F3AF19DC2D06003B103D /* ViewController.xib in Resources */ = {isa = PBXBuildFile; fileRef = 9294F3AD19DC2D06003B103D /* ViewController.xib */; };
/* End PBXBuildFile section */

/* Begin PBXContainerItemProxy section */
		925BD13B19DC2CC100E120BD /* PBXContainerItemProxy */ = {
			isa = PBXContainerItemProxy;
			containerPortal = 925BD11319DC2CC100E120BD /* Project object */;
			proxyType = 1;
			remoteGlobalIDString = 925BD11A19DC2CC100E120BD;
			remoteInfo = Camera;
		};
/* End PBXContainerItemProxy section */

/* Begin PBXFileReference section */
		925BD11B19DC2CC100E120BD /* Camera.app */ = {isa = PBXFileReference; explicitFileType = wrapper.application; includeInIndex = 0; path = Camera.app; sourceTree = BUILT_PRODUCTS_DIR; };
		925BD11E19DC2CC100E120BD /* Foundation.framework */ = {isa = PBXFileReference; lastKnownFileType = wrapper.framework; name = Foundation.framework; path = System/Library/Frameworks/Foundation.framework; sourceTree = SDKROOT; };
		925BD12019DC2CC100E120BD /* CoreGraphics.framework */ = {isa = PBXFileReference; lastKnownFileType = wrapper.framework; name = CoreGraphics.framework; path = System/Library/Frameworks/CoreGraphics.framework; sourceTree = SDKROOT; };
		925BD12219DC2CC100E120BD /* UIKit.framework */ = {isa = PBXFileReference; lastKnownFileType = wrapper.framework; name = UIKit.framework; path = System/Library/Frameworks/UIKit.framework; sourceTree = SDKROOT; };
		925BD12619DC2CC100E120BD /* Camera-Info.plist */ = {isa = PBXFileReference; lastKnownFileType = text.plist.xml; path = "Camera-Info.plist"; sourceTree = "<group>"; };
		925BD12819DC2CC100E120BD /* en */ = {isa = PBXFileReference; lastKnownFileType = text.plist.strings; name = en; path = en.lproj/InfoPlist.strings; sourceTree = "<group>"; };
		925BD12A19DC2CC100E120BD /* main.m */ = {isa = PBXFileReference; lastKnownFileType = sourcecode.c.objc; path = main.m; sourceTree = "<group>"; };
		925BD12C19DC2CC100E120BD /* Camera-Prefix.pch */ = {isa = PBXFileReference; lastKnownFileType = sourcecode.c.h; path = "Camera-Prefix.pch"; sourceTree = "<group>"; };
		925BD12D19DC2CC100E120BD /* AppDelegate.h */ = {isa = PBXFileReference; lastKnownFileType = sourcecode.c.h; path = AppDelegate.h; sourceTree = "<group>"; };
		925BD12E19DC2CC100E120BD /* AppDelegate.m */ = {isa = PBXFileReference; lastKnownFileType = sourcecode.c.objc; path = AppDelegate.m; sourceTree = "<group>"; };
		925BD13019DC2CC100E120BD /* Images.xcassets */ = {isa = PBXFileReference; lastKnownFileType = folder.assetcatalog; path = Images.xcassets; sourceTree = "<group>"; };
		925BD13619DC2CC100E120BD /* CameraTests.xctest */ = {isa = PBXFileReference; explicitFileType = wrapper.cfbundle; includeInIndex = 0; path = CameraTests.xctest; sourceTree = BUILT_PRODUCTS_DIR; };
		925BD13719DC2CC100E120BD /* XCTest.framework */ = {isa = PBXFileReference; lastKnownFileType = wrapper.framework; name = XCTest.framework; path = Library/Frameworks/XCTest.framework; sourceTree = DEVELOPER_DIR; };
		925BD13F19DC2CC100E120BD /* CameraTests-Info.plist */ = {isa = PBXFileReference; lastKnownFileType = text.plist.xml; path = "CameraTests-Info.plist"; sourceTree = "<group>"; };
		925BD14119DC2CC100E120BD /* en */ = {isa = PBXFileReference; lastKnownFileType = text.plist.strings; name = en; path = en.lproj/InfoPlist.strings; sourceTree = "<group>"; };
		925BD14319DC2CC100E120BD /* CameraTests.m */ = {isa = PBXFileReference; lastKnownFileType = sourcecode.c.objc; path = CameraTests.m; sourceTree = "<group>"; };
		9294F3AB19DC2D06003B103D /* ViewController.h */ = {isa = PBXFileReference; fileEncoding = 4; lastKnownFileType = sourcecode.c.h; path = ViewController.h; sourceTree = "<group>"; };
		9294F3AC19DC2D06003B103D /* ViewController.m */ = {isa = PBXFileReference; fileEncoding = 4; lastKnownFileType = sourcecode.c.objc; path = ViewController.m; sourceTree = "<group>"; };
		9294F3AD19DC2D06003B103D /* ViewController.xib */ = {isa = PBXFileReference; fileEncoding = 4; lastKnownFileType = file.xib; path = ViewController.xib; sourceTree = "<group>"; };
/* End PBXFileReference section */

/* Begin PBXFrameworksBuildPhase section */
		925BD11819DC2CC100E120BD /* Frameworks */ = {
			isa = PBXFrameworksBuildPhase;
			buildActionMask = 2147483647;
			files = (
				925BD12119DC2CC100E120BD /* CoreGraphics.framework in Frameworks */,
				925BD12319DC2CC100E120BD /* UIKit.framework in Frameworks */,
				925BD11F19DC2CC100E120BD /* Foundation.framework in Frameworks */,
			);
			runOnlyForDeploymentPostprocessing = 0;
		};
		925BD13319DC2CC100E120BD /* Frameworks */ = {
			isa = PBXFrameworksBuildPhase;
			buildActionMask = 2147483647;
			files = (
				925BD13819DC2CC100E120BD /* XCTest.framework in Frameworks */,
				925BD13A19DC2CC100E120BD /* UIKit.framework in Frameworks */,
				925BD13919DC2CC100E120BD /* Foundation.framework in Frameworks */,
			);
			runOnlyForDeploymentPostprocessing = 0;
		};
/* End PBXFrameworksBuildPhase section */

/* Begin PBXGroup section */
		925BD11219DC2CC100E120BD = {
			isa = PBXGroup;
			children = (
				925BD12419DC2CC100E120BD /* Camera */,
				925BD13D19DC2CC100E120BD /* CameraTests */,
				925BD11D19DC2CC100E120BD /* Frameworks */,
				925BD11C19DC2CC100E120BD /* Products */,
			);
			sourceTree = "<group>";
		};
		925BD11C19DC2CC100E120BD /* Products */ = {
			isa = PBXGroup;
			children = (
				925BD11B19DC2CC100E120BD /* Camera.app */,
				925BD13619DC2CC100E120BD /* CameraTests.xctest */,
			);
			name = Products;
			sourceTree = "<group>";
		};
		925BD11D19DC2CC100E120BD /* Frameworks */ = {
			isa = PBXGroup;
			children = (
				925BD11E19DC2CC100E120BD /* Foundation.framework */,
				925BD12019DC2CC100E120BD /* CoreGraphics.framework */,
				925BD12219DC2CC100E120BD /* UIKit.framework */,
				925BD13719DC2CC100E120BD /* XCTest.framework */,
			);
			name = Frameworks;
			sourceTree = "<group>";
		};
		925BD12419DC2CC100E120BD /* Camera */ = {
			isa = PBXGroup;
			children = (
				925BD12D19DC2CC100E120BD /* AppDelegate.h */,
				925BD12E19DC2CC100E120BD /* AppDelegate.m */,
				925BD13019DC2CC100E120BD /* Images.xcassets */,
				925BD12519DC2CC100E120BD /* Supporting Files */,
				9294F3AB19DC2D06003B103D /* ViewController.h */,
				9294F3AC19DC2D06003B103D /* ViewController.m */,
				9294F3AD19DC2D06003B103D /* ViewController.xib */,
			);
			path = Camera;
			sourceTree = "<group>";
		};
		925BD12519DC2CC100E120BD /* Supporting Files */ = {
			isa = PBXGroup;
			children = (
				925BD12619DC2CC100E120BD /* Camera-Info.plist */,
				925BD12719DC2CC100E120BD /* InfoPlist.strings */,
				925BD12A19DC2CC100E120BD /* main.m */,
				925BD12C19DC2CC100E120BD /* Camera-Prefix.pch */,
			);
			name = "Supporting Files";
			sourceTree = "<group>";
		};
		925BD13D19DC2CC100E120BD /* CameraTests */ = {
			isa = PBXGroup;
			children = (
				925BD14319DC2CC100E120BD /* CameraTests.m */,
				925BD13E19DC2CC100E120BD /* Supporting Files */,
			);
			path = CameraTests;
			sourceTree = "<group>";
		};
		925BD13E19DC2CC100E120BD /* Supporting Files */ = {
			isa = PBXGroup;
			children = (
				925BD13F19DC2CC100E120BD /* CameraTests-Info.plist */,
				925BD14019DC2CC100E120BD /* InfoPlist.strings */,
			);
			name = "Supporting Files";
			sourceTree = "<group>";
		};
/* End PBXGroup section */

/* Begin PBXNativeTarget section */
		925BD11A19DC2CC100E120BD /* Camera */ = {
			isa = PBXNativeTarget;
			buildConfigurationList = 925BD14719DC2CC100E120BD /* Build configuration list for PBXNativeTarget "Camera" */;
			buildPhases = (
				925BD11719DC2CC100E120BD /* Sources */,
				925BD11819DC2CC100E120BD /* Frameworks */,
				925BD11919DC2CC100E120BD /* Resources */,
			);
			buildRules = (
			);
			dependencies = (
			);
			name = Camera;
			productName = Camera;
			productReference = 925BD11B19DC2CC100E120BD /* Camera.app */;
			productType = "com.apple.product-type.application";
		};
		925BD13519DC2CC100E120BD /* CameraTests */ = {
			isa = PBXNativeTarget;
			buildConfigurationList = 925BD14A19DC2CC100E120BD /* Build configuration list for PBXNativeTarget "CameraTests" */;
			buildPhases = (
				925BD13219DC2CC100E120BD /* Sources */,
				925BD13319DC2CC100E120BD /* Frameworks */,
				925BD13419DC2CC100E120BD /* Resources */,
			);
			buildRules = (
			);
			dependencies = (
				925BD13C19DC2CC100E120BD /* PBXTargetDependency */,
			);
			name = CameraTests;
			productName = CameraTests;
			productReference = 925BD13619DC2CC100E120BD /* CameraTests.xctest */;
			productType = "com.apple.product-type.bundle.unit-test";
		};
/* End PBXNativeTarget section */

/* Begin PBXProject section */
		925BD11319DC2CC100E120BD /* Project object */ = {
			isa = PBXProject;
			attributes = {
				LastUpgradeCheck = 0510;
				ORGANIZATIONNAME = "JUN LIU";
				TargetAttributes = {
					925BD13519DC2CC100E120BD = {
						TestTargetID = 925BD11A19DC2CC100E120BD;
					};
				};
			};
			buildConfigurationList = 925BD11619DC2CC100E120BD /* Build configuration list for PBXProject "Camera" */;
			compatibilityVersion = "Xcode 3.2";
			developmentRegion = English;
			hasScannedForEncodings = 0;
			knownRegions = (
				en,
			);
			mainGroup = 925BD11219DC2CC100E120BD;
			productRefGroup = 925BD11C19DC2CC100E120BD /* Products */;
			projectDirPath = "";
			projectRoot = "";
			targets = (
				925BD11A19DC2CC100E120BD /* Camera */,
				925BD13519DC2CC100E120BD /* CameraTests */,
			);
		};
/* End PBXProject section */

/* Begin PBXResourcesBuildPhase section */
		925BD11919DC2CC100E120BD /* Resources */ = {
			isa = PBXResourcesBuildPhase;
			buildActionMask = 2147483647;
			files = (
				925BD12919DC2CC100E120BD /* InfoPlist.strings in Resources */,
				9294F3AF19DC2D06003B103D /* ViewController.xib in Resources */,
				925BD13119DC2CC100E120BD /* Images.xcassets in Resources */,
			);
			runOnlyForDeploymentPostprocessing = 0;
		};
		925BD13419DC2CC100E120BD /* Resources */ = {
			isa = PBXResourcesBuildPhase;
			buildActionMask = 2147483647;
			files = (
				925BD14219DC2CC100E120BD /* InfoPlist.strings in Resources */,
			);
			runOnlyForDeploymentPostprocessing = 0;
		};
/* End PBXResourcesBuildPhase section */

/* Begin PBXSourcesBuildPhase section */
		925BD11719DC2CC100E120BD /* Sources */ = {
			isa = PBXSourcesBuildPhase;
			buildActionMask = 2147483647;
			files = (
				9294F3AE19DC2D06003B103D /* ViewController.m in Sources */,
				925BD12F19DC2CC100E120BD /* AppDelegate.m in Sources */,
				925BD12B19DC2CC100E120BD /* main.m in Sources */,
			);
			runOnlyForDeploymentPostprocessing = 0;
		};
		925BD13219DC2CC100E120BD /* Sources */ = {
			isa = PBXSourcesBuildPhase;
			buildActionMask = 2147483647;
			files = (
				925BD14419DC2CC100E120BD /* CameraTests.m in Sources */,
			);
			runOnlyForDeploymentPostprocessing = 0;
		};
/* End PBXSourcesBuildPhase section */

/* Begin PBXTargetDependency section */
		925BD13C19DC2CC100E120BD /* PBXTargetDependency */ = {
			isa = PBXTargetDependency;
			target = 925BD11A19DC2CC100E120BD /* Camera */;
			targetProxy = 925BD13B19DC2CC100E120BD /* PBXContainerItemProxy */;
		};
/* End PBXTargetDependency section */

/* Begin PBXVariantGroup section */
		925BD12719DC2CC100E120BD /* InfoPlist.strings */ = {
			isa = PBXVariantGroup;
			children = (
				925BD12819DC2CC100E120BD /* en */,
			);
			name = InfoPlist.strings;
			sourceTree = "<group>";
		};
		925BD14019DC2CC100E120BD /* InfoPlist.strings */ = {
			isa = PBXVariantGroup;
			children = (
				925BD14119DC2CC100E120BD /* en */,
			);
			name = InfoPlist.strings;
			sourceTree = "<group>";
		};
/* End PBXVariantGroup section */

/* Begin XCBuildConfiguration section */
		925BD14519DC2CC100E120BD /* Debug */ = {
			isa = XCBuildConfiguration;
			buildSettings = {
				ALWAYS_SEARCH_USER_PATHS = NO;
				CLANG_CXX_LANGUAGE_STANDARD = "gnu++0x";
				CLANG_CXX_LIBRARY = "libc++";
				CLANG_ENABLE_MODULES = YES;
				CLANG_ENABLE_OBJC_ARC = YES;
				CLANG_WARN_BOOL_CONVERSION = YES;
				CLANG_WARN_CONSTANT_CONVERSION = YES;
				CLANG_WARN_DIRECT_OBJC_ISA_USAGE = YES_ERROR;
				CLANG_WARN_EMPTY_BODY = YES;
				CLANG_WARN_ENUM_CONVERSION = YES;
				CLANG_WARN_INT_CONVERSION = YES;
				CLANG_WARN_OBJC_ROOT_CLASS = YES_ERROR;
				CLANG_WARN__DUPLICATE_METHOD_MATCH = YES;
				"CODE_SIGN_IDENTITY[sdk=iphoneos*]" = "iPhone Developer";
				COPY_PHASE_STRIP = NO;
				GCC_C_LANGUAGE_STANDARD = gnu99;
				GCC_DYNAMIC_NO_PIC = NO;
				GCC_OPTIMIZATION_LEVEL = 0;
				GCC_PREPROCESSOR_DEFINITIONS = (
					"DEBUG=1",
					"$(inherited)",
				);
				GCC_SYMBOLS_PRIVATE_EXTERN = NO;
				GCC_WARN_64_TO_32_BIT_CONVERSION = YES;
				GCC_WARN_ABOUT_RETURN_TYPE = YES_ERROR;
				GCC_WARN_UNDECLARED_SELECTOR = YES;
				GCC_WARN_UNINITIALIZED_AUTOS = YES_AGGRESSIVE;
				GCC_WARN_UNUSED_FUNCTION = YES;
				GCC_WARN_UNUSED_VARIABLE = YES;
				IPHONEOS_DEPLOYMENT_TARGET = 7.1;
				ONLY_ACTIVE_ARCH = YES;
				SDKROOT = iphoneos;
			};
			name = Debug;
		};
		925BD14619DC2CC100E120BD /* Release */ = {
			isa = XCBuildConfiguration;
			buildSettings = {
				ALWAYS_SEARCH_USER_PATHS = NO;
				CLANG_CXX_LANGUAGE_STANDARD = "gnu++0x";
				CLANG_CXX_LIBRARY = "libc++";
				CLANG_ENABLE_MODULES = YES;
				CLANG_ENABLE_OBJC_ARC = YES;
				CLANG_WARN_BOOL_CONVERSION = YES;
				CLANG_WARN_CONSTANT_CONVERSION = YES;
				CLANG_WARN_DIRECT_OBJC_ISA_USAGE = YES_ERROR;
				CLANG_WARN_EMPTY_BODY = YES;
				CLANG_WARN_ENUM_CONVERSION = YES;
				CLANG_WARN_INT_CONVERSION = YES;
				CLANG_WARN_OBJC_ROOT_CLASS = YES_ERROR;
				CLANG_WARN__DUPLICATE_METHOD_MATCH = YES;
				"CODE_SIGN_IDENTITY[sdk=iphoneos*]" = "iPhone Developer";
				COPY_PHASE_STRIP = YES;
				ENABLE_NS_ASSERTIONS = NO;
				GCC_C_LANGUAGE_STANDARD = gnu99;
				GCC_WARN_64_TO_32_BIT_CONVERSION = YES;
				GCC_WARN_ABOUT_RETURN_TYPE = YES_ERROR;
				GCC_WARN_UNDECLARED_SELECTOR = YES;
				GCC_WARN_UNINITIALIZED_AUTOS = YES_AGGRESSIVE;
				GCC_WARN_UNUSED_FUNCTION = YES;
				GCC_WARN_UNUSED_VARIABLE = YES;
				IPHONEOS_DEPLOYMENT_TARGET = 7.1;
				SDKROOT = iphoneos;
				VALIDATE_PRODUCT = YES;
			};
			name = Release;
		};
		925BD14819DC2CC100E120BD /* Debug */ = {
			isa = XCBuildConfiguration;
			buildSettings = {
				ASSETCATALOG_COMPILER_APPICON_NAME = AppIcon;
				ASSETCATALOG_COMPILER_LAUNCHIMAGE_NAME = LaunchImage;
				GCC_PRECOMPILE_PREFIX_HEADER = YES;
				GCC_PREFIX_HEADER = "Camera/Camera-Prefix.pch";
				INFOPLIST_FILE = "Camera/Camera-Info.plist";
				IPHONEOS_DEPLOYMENT_TARGET = 6.0;
				PRODUCT_NAME = "$(TARGET_NAME)";
				WRAPPER_EXTENSION = app;
			};
			name = Debug;
		};
		925BD14919DC2CC100E120BD /* Release */ = {
			isa = XCBuildConfiguration;
			buildSettings = {
				ASSETCATALOG_COMPILER_APPICON_NAME = AppIcon;
				ASSETCATALOG_COMPILER_LAUNCHIMAGE_NAME = LaunchImage;
				GCC_PRECOMPILE_PREFIX_HEADER = YES;
				GCC_PREFIX_HEADER = "Camera/Camera-Prefix.pch";
				INFOPLIST_FILE = "Camera/Camera-Info.plist";
				IPHONEOS_DEPLOYMENT_TARGET = 6.0;
				PRODUCT_NAME = "$(TARGET_NAME)";
				WRAPPER_EXTENSION = app;
			};
			name = Release;
		};
		925BD14B19DC2CC100E120BD /* Debug */ = {
			isa = XCBuildConfiguration;
			buildSettings = {
				BUNDLE_LOADER = "$(BUILT_PRODUCTS_DIR)/Camera.app/Camera";
				FRAMEWORK_SEARCH_PATHS = (
					"$(SDKROOT)/Developer/Library/Frameworks",
					"$(inherited)",
					"$(DEVELOPER_FRAMEWORKS_DIR)",
				);
				GCC_PRECOMPILE_PREFIX_HEADER = YES;
				GCC_PREFIX_HEADER = "Camera/Camera-Prefix.pch";
				GCC_PREPROCESSOR_DEFINITIONS = (
					"DEBUG=1",
					"$(inherited)",
				);
				INFOPLIST_FILE = "CameraTests/CameraTests-Info.plist";
				PRODUCT_NAME = "$(TARGET_NAME)";
				TEST_HOST = "$(BUNDLE_LOADER)";
				WRAPPER_EXTENSION = xctest;
			};
			name = Debug;
		};
		925BD14C19DC2CC100E120BD /* Release */ = {
			isa = XCBuildConfiguration;
			buildSettings = {
				BUNDLE_LOADER = "$(BUILT_PRODUCTS_DIR)/Camera.app/Camera";
				FRAMEWORK_SEARCH_PATHS = (
					"$(SDKROOT)/Developer/Library/Frameworks",
					"$(inherited)",
					"$(DEVELOPER_FRAMEWORKS_DIR)",
				);
				GCC_PRECOMPILE_PREFIX_HEADER = YES;
				GCC_PREFIX_HEADER = "Camera/Camera-Prefix.pch";
				INFOPLIST_FILE = "CameraTests/CameraTests-Info.plist";
				PRODUCT_NAME = "$(TARGET_NAME)";
				TEST_HOST = "$(BUNDLE_LOADER)";
				WRAPPER_EXTENSION = xctest;
			};
			name = Release;
		};
/* End XCBuildConfiguration section */

/* Begin XCConfigurationList section */
		925BD11619DC2CC100E120BD /* Build configuration list for PBXProject "Camera" */ = {
			isa = XCConfigurationList;
			buildConfigurations = (
				925BD14519DC2CC100E120BD /* Debug */,
				925BD14619DC2CC100E120BD /* Release */,
			);
			defaultConfigurationIsVisible = 0;
			defaultConfigurationName = Release;
		};
		925BD14719DC2CC100E120BD /* Build configuration list for PBXNativeTarget "Camera" */ = {
			isa = XCConfigurationList;
			buildConfigurations = (
				925BD14819DC2CC100E120BD /* Debug */,
				925BD14919DC2CC100E120BD /* Release */,
			);
			defaultConfigurationIsVisible = 0;
			defaultConfigurationName = Release;
		};
		925BD14A19DC2CC100E120BD /* Build configuration list for PBXNativeTarget "CameraTests" */ = {
			isa = XCConfigurationList;
			buildConfigurations = (
				925BD14B19DC2CC100E120BD /* Debug */,
				925BD14C19DC2CC100E120BD /* Release */,
			);
			defaultConfigurationIsVisible = 0;
			defaultConfigurationName = Release;
		};
/* End XCConfigurationList section */
	};
	rootObject = 925BD11319DC2CC100E120BD /* Project object */;
}
