// !$*UTF8*$!
{
	archiveVersion = 1;
	classes = {
	};
	objectVersion = 46;
	objects = {

/* Begin PBXBuildFile section */
		92130BA719D90B5C0044439A /* Foundation.framework in Frameworks */ = {isa = PBXBuildFile; fileRef = 92130BA619D90B5C0044439A /* Foundation.framework */; };
		92130BA919D90B5C0044439A /* CoreGraphics.framework in Frameworks */ = {isa = PBXBuildFile; fileRef = 92130BA819D90B5C0044439A /* CoreGraphics.framework */; };
		92130BAB19D90B5C0044439A /* UIKit.framework in Frameworks */ = {isa = PBXBuildFile; fileRef = 92130BAA19D90B5C0044439A /* UIKit.framework */; };
		92130BB119D90B5C0044439A /* InfoPlist.strings in Resources */ = {isa = PBXBuildFile; fileRef = 92130BAF19D90B5C0044439A /* InfoPlist.strings */; };
		92130BB319D90B5C0044439A /* main.m in Sources */ = {isa = PBXBuildFile; fileRef = 92130BB219D90B5C0044439A /* main.m */; };
		92130BB719D90B5C0044439A /* AppDelegate.m in Sources */ = {isa = PBXBuildFile; fileRef = 92130BB619D90B5C0044439A /* AppDelegate.m */; };
		92130BB919D90B5C0044439A /* Images.xcassets in Resources */ = {isa = PBXBuildFile; fileRef = 92130BB819D90B5C0044439A /* Images.xcassets */; };
		92130BC019D90B5C0044439A /* XCTest.framework in Frameworks */ = {isa = PBXBuildFile; fileRef = 92130BBF19D90B5C0044439A /* XCTest.framework */; };
		92130BC119D90B5C0044439A /* Foundation.framework in Frameworks */ = {isa = PBXBuildFile; fileRef = 92130BA619D90B5C0044439A /* Foundation.framework */; };
		92130BC219D90B5C0044439A /* UIKit.framework in Frameworks */ = {isa = PBXBuildFile; fileRef = 92130BAA19D90B5C0044439A /* UIKit.framework */; };
		92130BCA19D90B5C0044439A /* InfoPlist.strings in Resources */ = {isa = PBXBuildFile; fileRef = 92130BC819D90B5C0044439A /* InfoPlist.strings */; };
		92130BCC19D90B5C0044439A /* Simple_TableTests.m in Sources */ = {isa = PBXBuildFile; fileRef = 92130BCB19D90B5C0044439A /* Simple_TableTests.m */; };
		92130BD819D90B8E0044439A /* ViewController.m in Sources */ = {isa = PBXBuildFile; fileRef = 92130BD619D90B8E0044439A /* ViewController.m */; };
		92130BD919D90B8E0044439A /* ViewController.xib in Resources */ = {isa = PBXBuildFile; fileRef = 92130BD719D90B8E0044439A /* ViewController.xib */; };
		92130BDC19D90D730044439A /* star.png in Resources */ = {isa = PBXBuildFile; fileRef = 92130BDA19D90D730044439A /* star.png */; };
		92130BDD19D90D730044439A /* star2.png in Resources */ = {isa = PBXBuildFile; fileRef = 92130BDB19D90D730044439A /* star2.png */; };
/* End PBXBuildFile section */

/* Begin PBXContainerItemProxy section */
		92130BC319D90B5C0044439A /* PBXContainerItemProxy */ = {
			isa = PBXContainerItemProxy;
			containerPortal = 92130B9B19D90B5C0044439A /* Project object */;
			proxyType = 1;
			remoteGlobalIDString = 92130BA219D90B5C0044439A;
			remoteInfo = "Simple Table";
		};
/* End PBXContainerItemProxy section */

/* Begin PBXFileReference section */
		92130BA319D90B5C0044439A /* Simple Table.app */ = {isa = PBXFileReference; explicitFileType = wrapper.application; includeInIndex = 0; path = "Simple Table.app"; sourceTree = BUILT_PRODUCTS_DIR; };
		92130BA619D90B5C0044439A /* Foundation.framework */ = {isa = PBXFileReference; lastKnownFileType = wrapper.framework; name = Foundation.framework; path = System/Library/Frameworks/Foundation.framework; sourceTree = SDKROOT; };
		92130BA819D90B5C0044439A /* CoreGraphics.framework */ = {isa = PBXFileReference; lastKnownFileType = wrapper.framework; name = CoreGraphics.framework; path = System/Library/Frameworks/CoreGraphics.framework; sourceTree = SDKROOT; };
		92130BAA19D90B5C0044439A /* UIKit.framework */ = {isa = PBXFileReference; lastKnownFileType = wrapper.framework; name = UIKit.framework; path = System/Library/Frameworks/UIKit.framework; sourceTree = SDKROOT; };
		92130BAE19D90B5C0044439A /* Simple Table-Info.plist */ = {isa = PBXFileReference; lastKnownFileType = text.plist.xml; path = "Simple Table-Info.plist"; sourceTree = "<group>"; };
		92130BB019D90B5C0044439A /* en */ = {isa = PBXFileReference; lastKnownFileType = text.plist.strings; name = en; path = en.lproj/InfoPlist.strings; sourceTree = "<group>"; };
		92130BB219D90B5C0044439A /* main.m */ = {isa = PBXFileReference; lastKnownFileType = sourcecode.c.objc; path = main.m; sourceTree = "<group>"; };
		92130BB419D90B5C0044439A /* Simple Table-Prefix.pch */ = {isa = PBXFileReference; lastKnownFileType = sourcecode.c.h; path = "Simple Table-Prefix.pch"; sourceTree = "<group>"; };
		92130BB519D90B5C0044439A /* AppDelegate.h */ = {isa = PBXFileReference; lastKnownFileType = sourcecode.c.h; path = AppDelegate.h; sourceTree = "<group>"; };
		92130BB619D90B5C0044439A /* AppDelegate.m */ = {isa = PBXFileReference; lastKnownFileType = sourcecode.c.objc; path = AppDelegate.m; sourceTree = "<group>"; };
		92130BB819D90B5C0044439A /* Images.xcassets */ = {isa = PBXFileReference; lastKnownFileType = folder.assetcatalog; path = Images.xcassets; sourceTree = "<group>"; };
		92130BBE19D90B5C0044439A /* Simple TableTests.xctest */ = {isa = PBXFileReference; explicitFileType = wrapper.cfbundle; includeInIndex = 0; path = "Simple TableTests.xctest"; sourceTree = BUILT_PRODUCTS_DIR; };
		92130BBF19D90B5C0044439A /* XCTest.framework */ = {isa = PBXFileReference; lastKnownFileType = wrapper.framework; name = XCTest.framework; path = Library/Frameworks/XCTest.framework; sourceTree = DEVELOPER_DIR; };
		92130BC719D90B5C0044439A /* Simple TableTests-Info.plist */ = {isa = PBXFileReference; lastKnownFileType = text.plist.xml; path = "Simple TableTests-Info.plist"; sourceTree = "<group>"; };
		92130BC919D90B5C0044439A /* en */ = {isa = PBXFileReference; lastKnownFileType = text.plist.strings; name = en; path = en.lproj/InfoPlist.strings; sourceTree = "<group>"; };
		92130BCB19D90B5C0044439A /* Simple_TableTests.m */ = {isa = PBXFileReference; lastKnownFileType = sourcecode.c.objc; path = Simple_TableTests.m; sourceTree = "<group>"; };
		92130BD519D90B8E0044439A /* ViewController.h */ = {isa = PBXFileReference; fileEncoding = 4; lastKnownFileType = sourcecode.c.h; path = ViewController.h; sourceTree = "<group>"; };
		92130BD619D90B8E0044439A /* ViewController.m */ = {isa = PBXFileReference; fileEncoding = 4; lastKnownFileType = sourcecode.c.objc; path = ViewController.m; sourceTree = "<group>"; };
		92130BD719D90B8E0044439A /* ViewController.xib */ = {isa = PBXFileReference; fileEncoding = 4; lastKnownFileType = file.xib; path = ViewController.xib; sourceTree = "<group>"; };
		92130BDA19D90D730044439A /* star.png */ = {isa = PBXFileReference; lastKnownFileType = image.png; path = star.png; sourceTree = "<group>"; };
		92130BDB19D90D730044439A /* star2.png */ = {isa = PBXFileReference; lastKnownFileType = image.png; path = star2.png; sourceTree = "<group>"; };
/* End PBXFileReference section */

/* Begin PBXFrameworksBuildPhase section */
		92130BA019D90B5C0044439A /* Frameworks */ = {
			isa = PBXFrameworksBuildPhase;
			buildActionMask = 2147483647;
			files = (
				92130BA919D90B5C0044439A /* CoreGraphics.framework in Frameworks */,
				92130BAB19D90B5C0044439A /* UIKit.framework in Frameworks */,
				92130BA719D90B5C0044439A /* Foundation.framework in Frameworks */,
			);
			runOnlyForDeploymentPostprocessing = 0;
		};
		92130BBB19D90B5C0044439A /* Frameworks */ = {
			isa = PBXFrameworksBuildPhase;
			buildActionMask = 2147483647;
			files = (
				92130BC019D90B5C0044439A /* XCTest.framework in Frameworks */,
				92130BC219D90B5C0044439A /* UIKit.framework in Frameworks */,
				92130BC119D90B5C0044439A /* Foundation.framework in Frameworks */,
			);
			runOnlyForDeploymentPostprocessing = 0;
		};
/* End PBXFrameworksBuildPhase section */

/* Begin PBXGroup section */
		92130B9A19D90B5C0044439A = {
			isa = PBXGroup;
			children = (
				92130BAC19D90B5C0044439A /* Simple Table */,
				92130BC519D90B5C0044439A /* Simple TableTests */,
				92130BA519D90B5C0044439A /* Frameworks */,
				92130BA419D90B5C0044439A /* Products */,
			);
			sourceTree = "<group>";
		};
		92130BA419D90B5C0044439A /* Products */ = {
			isa = PBXGroup;
			children = (
				92130BA319D90B5C0044439A /* Simple Table.app */,
				92130BBE19D90B5C0044439A /* Simple TableTests.xctest */,
			);
			name = Products;
			sourceTree = "<group>";
		};
		92130BA519D90B5C0044439A /* Frameworks */ = {
			isa = PBXGroup;
			children = (
				92130BA619D90B5C0044439A /* Foundation.framework */,
				92130BA819D90B5C0044439A /* CoreGraphics.framework */,
				92130BAA19D90B5C0044439A /* UIKit.framework */,
				92130BBF19D90B5C0044439A /* XCTest.framework */,
			);
			name = Frameworks;
			sourceTree = "<group>";
		};
		92130BAC19D90B5C0044439A /* Simple Table */ = {
			isa = PBXGroup;
			children = (
				92130BB519D90B5C0044439A /* AppDelegate.h */,
				92130BB619D90B5C0044439A /* AppDelegate.m */,
				92130BB819D90B5C0044439A /* Images.xcassets */,
				92130BAD19D90B5C0044439A /* Supporting Files */,
				92130BD519D90B8E0044439A /* ViewController.h */,
				92130BD619D90B8E0044439A /* ViewController.m */,
				92130BD719D90B8E0044439A /* ViewController.xib */,
			);
			path = "Simple Table";
			sourceTree = "<group>";
		};
		92130BAD19D90B5C0044439A /* Supporting Files */ = {
			isa = PBXGroup;
			children = (
				92130BDA19D90D730044439A /* star.png */,
				92130BDB19D90D730044439A /* star2.png */,
				92130BAE19D90B5C0044439A /* Simple Table-Info.plist */,
				92130BAF19D90B5C0044439A /* InfoPlist.strings */,
				92130BB219D90B5C0044439A /* main.m */,
				92130BB419D90B5C0044439A /* Simple Table-Prefix.pch */,
			);
			name = "Supporting Files";
			sourceTree = "<group>";
		};
		92130BC519D90B5C0044439A /* Simple TableTests */ = {
			isa = PBXGroup;
			children = (
				92130BCB19D90B5C0044439A /* Simple_TableTests.m */,
				92130BC619D90B5C0044439A /* Supporting Files */,
			);
			path = "Simple TableTests";
			sourceTree = "<group>";
		};
		92130BC619D90B5C0044439A /* Supporting Files */ = {
			isa = PBXGroup;
			children = (
				92130BC719D90B5C0044439A /* Simple TableTests-Info.plist */,
				92130BC819D90B5C0044439A /* InfoPlist.strings */,
			);
			name = "Supporting Files";
			sourceTree = "<group>";
		};
/* End PBXGroup section */

/* Begin PBXNativeTarget section */
		92130BA219D90B5C0044439A /* Simple Table */ = {
			isa = PBXNativeTarget;
			buildConfigurationList = 92130BCF19D90B5C0044439A /* Build configuration list for PBXNativeTarget "Simple Table" */;
			buildPhases = (
				92130B9F19D90B5C0044439A /* Sources */,
				92130BA019D90B5C0044439A /* Frameworks */,
				92130BA119D90B5C0044439A /* Resources */,
			);
			buildRules = (
			);
			dependencies = (
			);
			name = "Simple Table";
			productName = "Simple Table";
			productReference = 92130BA319D90B5C0044439A /* Simple Table.app */;
			productType = "com.apple.product-type.application";
		};
		92130BBD19D90B5C0044439A /* Simple TableTests */ = {
			isa = PBXNativeTarget;
			buildConfigurationList = 92130BD219D90B5C0044439A /* Build configuration list for PBXNativeTarget "Simple TableTests" */;
			buildPhases = (
				92130BBA19D90B5C0044439A /* Sources */,
				92130BBB19D90B5C0044439A /* Frameworks */,
				92130BBC19D90B5C0044439A /* Resources */,
			);
			buildRules = (
			);
			dependencies = (
				92130BC419D90B5C0044439A /* PBXTargetDependency */,
			);
			name = "Simple TableTests";
			productName = "Simple TableTests";
			productReference = 92130BBE19D90B5C0044439A /* Simple TableTests.xctest */;
			productType = "com.apple.product-type.bundle.unit-test";
		};
/* End PBXNativeTarget section */

/* Begin PBXProject section */
		92130B9B19D90B5C0044439A /* Project object */ = {
			isa = PBXProject;
			attributes = {
				LastUpgradeCheck = 0510;
				ORGANIZATIONNAME = "JUN LIU";
				TargetAttributes = {
					92130BBD19D90B5C0044439A = {
						TestTargetID = 92130BA219D90B5C0044439A;
					};
				};
			};
			buildConfigurationList = 92130B9E19D90B5C0044439A /* Build configuration list for PBXProject "Simple Table" */;
			compatibilityVersion = "Xcode 3.2";
			developmentRegion = English;
			hasScannedForEncodings = 0;
			knownRegions = (
				en,
			);
			mainGroup = 92130B9A19D90B5C0044439A;
			productRefGroup = 92130BA419D90B5C0044439A /* Products */;
			projectDirPath = "";
			projectRoot = "";
			targets = (
				92130BA219D90B5C0044439A /* Simple Table */,
				92130BBD19D90B5C0044439A /* Simple TableTests */,
			);
		};
/* End PBXProject section */

/* Begin PBXResourcesBuildPhase section */
		92130BA119D90B5C0044439A /* Resources */ = {
			isa = PBXResourcesBuildPhase;
			buildActionMask = 2147483647;
			files = (
				92130BB119D90B5C0044439A /* InfoPlist.strings in Resources */,
				92130BDC19D90D730044439A /* star.png in Resources */,
				92130BD919D90B8E0044439A /* ViewController.xib in Resources */,
				92130BB919D90B5C0044439A /* Images.xcassets in Resources */,
				92130BDD19D90D730044439A /* star2.png in Resources */,
			);
			runOnlyForDeploymentPostprocessing = 0;
		};
		92130BBC19D90B5C0044439A /* Resources */ = {
			isa = PBXResourcesBuildPhase;
			buildActionMask = 2147483647;
			files = (
				92130BCA19D90B5C0044439A /* InfoPlist.strings in Resources */,
			);
			runOnlyForDeploymentPostprocessing = 0;
		};
/* End PBXResourcesBuildPhase section */

/* Begin PBXSourcesBuildPhase section */
		92130B9F19D90B5C0044439A /* Sources */ = {
			isa = PBXSourcesBuildPhase;
			buildActionMask = 2147483647;
			files = (
				92130BD819D90B8E0044439A /* ViewController.m in Sources */,
				92130BB719D90B5C0044439A /* AppDelegate.m in Sources */,
				92130BB319D90B5C0044439A /* main.m in Sources */,
			);
			runOnlyForDeploymentPostprocessing = 0;
		};
		92130BBA19D90B5C0044439A /* Sources */ = {
			isa = PBXSourcesBuildPhase;
			buildActionMask = 2147483647;
			files = (
				92130BCC19D90B5C0044439A /* Simple_TableTests.m in Sources */,
			);
			runOnlyForDeploymentPostprocessing = 0;
		};
/* End PBXSourcesBuildPhase section */

/* Begin PBXTargetDependency section */
		92130BC419D90B5C0044439A /* PBXTargetDependency */ = {
			isa = PBXTargetDependency;
			target = 92130BA219D90B5C0044439A /* Simple Table */;
			targetProxy = 92130BC319D90B5C0044439A /* PBXContainerItemProxy */;
		};
/* End PBXTargetDependency section */

/* Begin PBXVariantGroup section */
		92130BAF19D90B5C0044439A /* InfoPlist.strings */ = {
			isa = PBXVariantGroup;
			children = (
				92130BB019D90B5C0044439A /* en */,
			);
			name = InfoPlist.strings;
			sourceTree = "<group>";
		};
		92130BC819D90B5C0044439A /* InfoPlist.strings */ = {
			isa = PBXVariantGroup;
			children = (
				92130BC919D90B5C0044439A /* en */,
			);
			name = InfoPlist.strings;
			sourceTree = "<group>";
		};
/* End PBXVariantGroup section */

/* Begin XCBuildConfiguration section */
		92130BCD19D90B5C0044439A /* Debug */ = {
			isa = XCBuildConfiguration;
			buildSettings = {
				ALWAYS_SEARCH_USER_PATHS = NO;
				CLANG_CXX_LANGUAGE_STANDARD = "gnu++0x";
				CLANG_CXX_LIBRARY = "libc++";
				CLANG_ENABLE_MODULES = YES;
				CLANG_ENABLE_OBJC_ARC = YES;
				CLANG_WARN_BOOL_CONVERSION = YES;
				CLANG_WARN_CONSTANT_CONVERSION = YES;
				CLANG_WARN_DIRECT_OBJC_ISA_USAGE = YES_ERROR;
				CLANG_WARN_EMPTY_BODY = YES;
				CLANG_WARN_ENUM_CONVERSION = YES;
				CLANG_WARN_INT_CONVERSION = YES;
				CLANG_WARN_OBJC_ROOT_CLASS = YES_ERROR;
				CLANG_WARN__DUPLICATE_METHOD_MATCH = YES;
				"CODE_SIGN_IDENTITY[sdk=iphoneos*]" = "iPhone Developer";
				COPY_PHASE_STRIP = NO;
				GCC_C_LANGUAGE_STANDARD = gnu99;
				GCC_DYNAMIC_NO_PIC = NO;
				GCC_OPTIMIZATION_LEVEL = 0;
				GCC_PREPROCESSOR_DEFINITIONS = (
					"DEBUG=1",
					"$(inherited)",
				);
				GCC_SYMBOLS_PRIVATE_EXTERN = NO;
				GCC_WARN_64_TO_32_BIT_CONVERSION = YES;
				GCC_WARN_ABOUT_RETURN_TYPE = YES_ERROR;
				GCC_WARN_UNDECLARED_SELECTOR = YES;
				GCC_WARN_UNINITIALIZED_AUTOS = YES_AGGRESSIVE;
				GCC_WARN_UNUSED_FUNCTION = YES;
				GCC_WARN_UNUSED_VARIABLE = YES;
				IPHONEOS_DEPLOYMENT_TARGET = 7.1;
				ONLY_ACTIVE_ARCH = YES;
				SDKROOT = iphoneos;
			};
			name = Debug;
		};
		92130BCE19D90B5C0044439A /* Release */ = {
			isa = XCBuildConfiguration;
			buildSettings = {
				ALWAYS_SEARCH_USER_PATHS = NO;
				CLANG_CXX_LANGUAGE_STANDARD = "gnu++0x";
				CLANG_CXX_LIBRARY = "libc++";
				CLANG_ENABLE_MODULES = YES;
				CLANG_ENABLE_OBJC_ARC = YES;
				CLANG_WARN_BOOL_CONVERSION = YES;
				CLANG_WARN_CONSTANT_CONVERSION = YES;
				CLANG_WARN_DIRECT_OBJC_ISA_USAGE = YES_ERROR;
				CLANG_WARN_EMPTY_BODY = YES;
				CLANG_WARN_ENUM_CONVERSION = YES;
				CLANG_WARN_INT_CONVERSION = YES;
				CLANG_WARN_OBJC_ROOT_CLASS = YES_ERROR;
				CLANG_WARN__DUPLICATE_METHOD_MATCH = YES;
				"CODE_SIGN_IDENTITY[sdk=iphoneos*]" = "iPhone Developer";
				COPY_PHASE_STRIP = YES;
				ENABLE_NS_ASSERTIONS = NO;
				GCC_C_LANGUAGE_STANDARD = gnu99;
				GCC_WARN_64_TO_32_BIT_CONVERSION = YES;
				GCC_WARN_ABOUT_RETURN_TYPE = YES_ERROR;
				GCC_WARN_UNDECLARED_SELECTOR = YES;
				GCC_WARN_UNINITIALIZED_AUTOS = YES_AGGRESSIVE;
				GCC_WARN_UNUSED_FUNCTION = YES;
				GCC_WARN_UNUSED_VARIABLE = YES;
				IPHONEOS_DEPLOYMENT_TARGET = 7.1;
				SDKROOT = iphoneos;
				VALIDATE_PRODUCT = YES;
			};
			name = Release;
		};
		92130BD019D90B5C0044439A /* Debug */ = {
			isa = XCBuildConfiguration;
			buildSettings = {
				ASSETCATALOG_COMPILER_APPICON_NAME = AppIcon;
				ASSETCATALOG_COMPILER_LAUNCHIMAGE_NAME = LaunchImage;
				GCC_PRECOMPILE_PREFIX_HEADER = YES;
				GCC_PREFIX_HEADER = "Simple Table/Simple Table-Prefix.pch";
				INFOPLIST_FILE = "Simple Table/Simple Table-Info.plist";
				IPHONEOS_DEPLOYMENT_TARGET = 6.0;
				PRODUCT_NAME = "$(TARGET_NAME)";
				WRAPPER_EXTENSION = app;
			};
			name = Debug;
		};
		92130BD119D90B5C0044439A /* Release */ = {
			isa = XCBuildConfiguration;
			buildSettings = {
				ASSETCATALOG_COMPILER_APPICON_NAME = AppIcon;
				ASSETCATALOG_COMPILER_LAUNCHIMAGE_NAME = LaunchImage;
				GCC_PRECOMPILE_PREFIX_HEADER = YES;
				GCC_PREFIX_HEADER = "Simple Table/Simple Table-Prefix.pch";
				INFOPLIST_FILE = "Simple Table/Simple Table-Info.plist";
				IPHONEOS_DEPLOYMENT_TARGET = 6.0;
				PRODUCT_NAME = "$(TARGET_NAME)";
				WRAPPER_EXTENSION = app;
			};
			name = Release;
		};
		92130BD319D90B5C0044439A /* Debug */ = {
			isa = XCBuildConfiguration;
			buildSettings = {
				BUNDLE_LOADER = "$(BUILT_PRODUCTS_DIR)/Simple Table.app/Simple Table";
				FRAMEWORK_SEARCH_PATHS = (
					"$(SDKROOT)/Developer/Library/Frameworks",
					"$(inherited)",
					"$(DEVELOPER_FRAMEWORKS_DIR)",
				);
				GCC_PRECOMPILE_PREFIX_HEADER = YES;
				GCC_PREFIX_HEADER = "Simple Table/Simple Table-Prefix.pch";
				GCC_PREPROCESSOR_DEFINITIONS = (
					"DEBUG=1",
					"$(inherited)",
				);
				INFOPLIST_FILE = "Simple TableTests/Simple TableTests-Info.plist";
				PRODUCT_NAME = "$(TARGET_NAME)";
				TEST_HOST = "$(BUNDLE_LOADER)";
				WRAPPER_EXTENSION = xctest;
			};
			name = Debug;
		};
		92130BD419D90B5C0044439A /* Release */ = {
			isa = XCBuildConfiguration;
			buildSettings = {
				BUNDLE_LOADER = "$(BUILT_PRODUCTS_DIR)/Simple Table.app/Simple Table";
				FRAMEWORK_SEARCH_PATHS = (
					"$(SDKROOT)/Developer/Library/Frameworks",
					"$(inherited)",
					"$(DEVELOPER_FRAMEWORKS_DIR)",
				);
				GCC_PRECOMPILE_PREFIX_HEADER = YES;
				GCC_PREFIX_HEADER = "Simple Table/Simple Table-Prefix.pch";
				INFOPLIST_FILE = "Simple TableTests/Simple TableTests-Info.plist";
				PRODUCT_NAME = "$(TARGET_NAME)";
				TEST_HOST = "$(BUNDLE_LOADER)";
				WRAPPER_EXTENSION = xctest;
			};
			name = Release;
		};
/* End XCBuildConfiguration section */

/* Begin XCConfigurationList section */
		92130B9E19D90B5C0044439A /* Build configuration list for PBXProject "Simple Table" */ = {
			isa = XCConfigurationList;
			buildConfigurations = (
				92130BCD19D90B5C0044439A /* Debug */,
				92130BCE19D90B5C0044439A /* Release */,
			);
			defaultConfigurationIsVisible = 0;
			defaultConfigurationName = Release;
		};
		92130BCF19D90B5C0044439A /* Build configuration list for PBXNativeTarget "Simple Table" */ = {
			isa = XCConfigurationList;
			buildConfigurations = (
				92130BD019D90B5C0044439A /* Debug */,
				92130BD119D90B5C0044439A /* Release */,
			);
			defaultConfigurationIsVisible = 0;
		};
		92130BD219D90B5C0044439A /* Build configuration list for PBXNativeTarget "Simple TableTests" */ = {
			isa = XCConfigurationList;
			buildConfigurations = (
				92130BD319D90B5C0044439A /* Debug */,
				92130BD419D90B5C0044439A /* Release */,
			);
			defaultConfigurationIsVisible = 0;
		};
/* End XCConfigurationList section */
	};
	rootObject = 92130B9B19D90B5C0044439A /* Project object */;
}
