// !$*UTF8*$!
{
	archiveVersion = 1;
	classes = {
	};
	objectVersion = 46;
	objects = {

/* Begin PBXBuildFile section */
		92130BEB19D9161A0044439A /* Foundation.framework in Frameworks */ = {isa = PBXBuildFile; fileRef = 92130BEA19D9161A0044439A /* Foundation.framework */; };
		92130BED19D9161A0044439A /* CoreGraphics.framework in Frameworks */ = {isa = PBXBuildFile; fileRef = 92130BEC19D9161A0044439A /* CoreGraphics.framework */; };
		92130BEF19D9161A0044439A /* UIKit.framework in Frameworks */ = {isa = PBXBuildFile; fileRef = 92130BEE19D9161A0044439A /* UIKit.framework */; };
		92130BF519D9161A0044439A /* InfoPlist.strings in Resources */ = {isa = PBXBuildFile; fileRef = 92130BF319D9161A0044439A /* InfoPlist.strings */; };
		92130BF719D9161A0044439A /* main.m in Sources */ = {isa = PBXBuildFile; fileRef = 92130BF619D9161A0044439A /* main.m */; };
		92130BFB19D9161A0044439A /* AppDelegate.m in Sources */ = {isa = PBXBuildFile; fileRef = 92130BFA19D9161A0044439A /* AppDelegate.m */; };
		92130BFD19D9161A0044439A /* Images.xcassets in Resources */ = {isa = PBXBuildFile; fileRef = 92130BFC19D9161A0044439A /* Images.xcassets */; };
		92130C0419D9161A0044439A /* XCTest.framework in Frameworks */ = {isa = PBXBuildFile; fileRef = 92130C0319D9161A0044439A /* XCTest.framework */; };
		92130C0519D9161A0044439A /* Foundation.framework in Frameworks */ = {isa = PBXBuildFile; fileRef = 92130BEA19D9161A0044439A /* Foundation.framework */; };
		92130C0619D9161A0044439A /* UIKit.framework in Frameworks */ = {isa = PBXBuildFile; fileRef = 92130BEE19D9161A0044439A /* UIKit.framework */; };
		92130C0E19D9161A0044439A /* InfoPlist.strings in Resources */ = {isa = PBXBuildFile; fileRef = 92130C0C19D9161A0044439A /* InfoPlist.strings */; };
		92130C1019D9161A0044439A /* Custom_Table_CellsTests.m in Sources */ = {isa = PBXBuildFile; fileRef = 92130C0F19D9161A0044439A /* Custom_Table_CellsTests.m */; };
		92130C1C19D916430044439A /* RootViewController.m in Sources */ = {isa = PBXBuildFile; fileRef = 92130C1A19D916430044439A /* RootViewController.m */; };
		92130C1D19D916430044439A /* RootViewController.xib in Resources */ = {isa = PBXBuildFile; fileRef = 92130C1B19D916430044439A /* RootViewController.xib */; };
		92130C2019D917850044439A /* NameAndColorCell.m in Sources */ = {isa = PBXBuildFile; fileRef = 92130C1F19D917850044439A /* NameAndColorCell.m */; };
		92130C2219D92C610044439A /* NameAndColorCell.xib in Resources */ = {isa = PBXBuildFile; fileRef = 92130C2119D92C610044439A /* NameAndColorCell.xib */; };
/* End PBXBuildFile section */

/* Begin PBXContainerItemProxy section */
		92130C0719D9161A0044439A /* PBXContainerItemProxy */ = {
			isa = PBXContainerItemProxy;
			containerPortal = 92130BDF19D9161A0044439A /* Project object */;
			proxyType = 1;
			remoteGlobalIDString = 92130BE619D9161A0044439A;
			remoteInfo = "Custom Table Cells";
		};
/* End PBXContainerItemProxy section */

/* Begin PBXFileReference section */
		92130BE719D9161A0044439A /* Custom Table Cells.app */ = {isa = PBXFileReference; explicitFileType = wrapper.application; includeInIndex = 0; path = "Custom Table Cells.app"; sourceTree = BUILT_PRODUCTS_DIR; };
		92130BEA19D9161A0044439A /* Foundation.framework */ = {isa = PBXFileReference; lastKnownFileType = wrapper.framework; name = Foundation.framework; path = System/Library/Frameworks/Foundation.framework; sourceTree = SDKROOT; };
		92130BEC19D9161A0044439A /* CoreGraphics.framework */ = {isa = PBXFileReference; lastKnownFileType = wrapper.framework; name = CoreGraphics.framework; path = System/Library/Frameworks/CoreGraphics.framework; sourceTree = SDKROOT; };
		92130BEE19D9161A0044439A /* UIKit.framework */ = {isa = PBXFileReference; lastKnownFileType = wrapper.framework; name = UIKit.framework; path = System/Library/Frameworks/UIKit.framework; sourceTree = SDKROOT; };
		92130BF219D9161A0044439A /* Custom Table Cells-Info.plist */ = {isa = PBXFileReference; lastKnownFileType = text.plist.xml; path = "Custom Table Cells-Info.plist"; sourceTree = "<group>"; };
		92130BF419D9161A0044439A /* en */ = {isa = PBXFileReference; lastKnownFileType = text.plist.strings; name = en; path = en.lproj/InfoPlist.strings; sourceTree = "<group>"; };
		92130BF619D9161A0044439A /* main.m */ = {isa = PBXFileReference; lastKnownFileType = sourcecode.c.objc; path = main.m; sourceTree = "<group>"; };
		92130BF819D9161A0044439A /* Custom Table Cells-Prefix.pch */ = {isa = PBXFileReference; lastKnownFileType = sourcecode.c.h; path = "Custom Table Cells-Prefix.pch"; sourceTree = "<group>"; };
		92130BF919D9161A0044439A /* AppDelegate.h */ = {isa = PBXFileReference; lastKnownFileType = sourcecode.c.h; path = AppDelegate.h; sourceTree = "<group>"; };
		92130BFA19D9161A0044439A /* AppDelegate.m */ = {isa = PBXFileReference; lastKnownFileType = sourcecode.c.objc; path = AppDelegate.m; sourceTree = "<group>"; };
		92130BFC19D9161A0044439A /* Images.xcassets */ = {isa = PBXFileReference; lastKnownFileType = folder.assetcatalog; path = Images.xcassets; sourceTree = "<group>"; };
		92130C0219D9161A0044439A /* Custom Table CellsTests.xctest */ = {isa = PBXFileReference; explicitFileType = wrapper.cfbundle; includeInIndex = 0; path = "Custom Table CellsTests.xctest"; sourceTree = BUILT_PRODUCTS_DIR; };
		92130C0319D9161A0044439A /* XCTest.framework */ = {isa = PBXFileReference; lastKnownFileType = wrapper.framework; name = XCTest.framework; path = Library/Frameworks/XCTest.framework; sourceTree = DEVELOPER_DIR; };
		92130C0B19D9161A0044439A /* Custom Table CellsTests-Info.plist */ = {isa = PBXFileReference; lastKnownFileType = text.plist.xml; path = "Custom Table CellsTests-Info.plist"; sourceTree = "<group>"; };
		92130C0D19D9161A0044439A /* en */ = {isa = PBXFileReference; lastKnownFileType = text.plist.strings; name = en; path = en.lproj/InfoPlist.strings; sourceTree = "<group>"; };
		92130C0F19D9161A0044439A /* Custom_Table_CellsTests.m */ = {isa = PBXFileReference; lastKnownFileType = sourcecode.c.objc; path = Custom_Table_CellsTests.m; sourceTree = "<group>"; };
		92130C1919D916430044439A /* RootViewController.h */ = {isa = PBXFileReference; fileEncoding = 4; lastKnownFileType = sourcecode.c.h; path = RootViewController.h; sourceTree = "<group>"; };
		92130C1A19D916430044439A /* RootViewController.m */ = {isa = PBXFileReference; fileEncoding = 4; lastKnownFileType = sourcecode.c.objc; path = RootViewController.m; sourceTree = "<group>"; };
		92130C1B19D916430044439A /* RootViewController.xib */ = {isa = PBXFileReference; fileEncoding = 4; lastKnownFileType = file.xib; path = RootViewController.xib; sourceTree = "<group>"; };
		92130C1E19D917850044439A /* NameAndColorCell.h */ = {isa = PBXFileReference; fileEncoding = 4; lastKnownFileType = sourcecode.c.h; path = NameAndColorCell.h; sourceTree = "<group>"; };
		92130C1F19D917850044439A /* NameAndColorCell.m */ = {isa = PBXFileReference; fileEncoding = 4; lastKnownFileType = sourcecode.c.objc; path = NameAndColorCell.m; sourceTree = "<group>"; };
		92130C2119D92C610044439A /* NameAndColorCell.xib */ = {isa = PBXFileReference; fileEncoding = 4; lastKnownFileType = file.xib; path = NameAndColorCell.xib; sourceTree = "<group>"; };
/* End PBXFileReference section */

/* Begin PBXFrameworksBuildPhase section */
		92130BE419D9161A0044439A /* Frameworks */ = {
			isa = PBXFrameworksBuildPhase;
			buildActionMask = 2147483647;
			files = (
				92130BED19D9161A0044439A /* CoreGraphics.framework in Frameworks */,
				92130BEF19D9161A0044439A /* UIKit.framework in Frameworks */,
				92130BEB19D9161A0044439A /* Foundation.framework in Frameworks */,
			);
			runOnlyForDeploymentPostprocessing = 0;
		};
		92130BFF19D9161A0044439A /* Frameworks */ = {
			isa = PBXFrameworksBuildPhase;
			buildActionMask = 2147483647;
			files = (
				92130C0419D9161A0044439A /* XCTest.framework in Frameworks */,
				92130C0619D9161A0044439A /* UIKit.framework in Frameworks */,
				92130C0519D9161A0044439A /* Foundation.framework in Frameworks */,
			);
			runOnlyForDeploymentPostprocessing = 0;
		};
/* End PBXFrameworksBuildPhase section */

/* Begin PBXGroup section */
		92130BDE19D9161A0044439A = {
			isa = PBXGroup;
			children = (
				92130BF019D9161A0044439A /* Custom Table Cells */,
				92130C0919D9161A0044439A /* Custom Table CellsTests */,
				92130BE919D9161A0044439A /* Frameworks */,
				92130BE819D9161A0044439A /* Products */,
			);
			sourceTree = "<group>";
		};
		92130BE819D9161A0044439A /* Products */ = {
			isa = PBXGroup;
			children = (
				92130BE719D9161A0044439A /* Custom Table Cells.app */,
				92130C0219D9161A0044439A /* Custom Table CellsTests.xctest */,
			);
			name = Products;
			sourceTree = "<group>";
		};
		92130BE919D9161A0044439A /* Frameworks */ = {
			isa = PBXGroup;
			children = (
				92130BEA19D9161A0044439A /* Foundation.framework */,
				92130BEC19D9161A0044439A /* CoreGraphics.framework */,
				92130BEE19D9161A0044439A /* UIKit.framework */,
				92130C0319D9161A0044439A /* XCTest.framework */,
			);
			name = Frameworks;
			sourceTree = "<group>";
		};
		92130BF019D9161A0044439A /* Custom Table Cells */ = {
			isa = PBXGroup;
			children = (
				92130BF919D9161A0044439A /* AppDelegate.h */,
				92130BFA19D9161A0044439A /* AppDelegate.m */,
				92130BFC19D9161A0044439A /* Images.xcassets */,
				92130BF119D9161A0044439A /* Supporting Files */,
				92130C1919D916430044439A /* RootViewController.h */,
				92130C1A19D916430044439A /* RootViewController.m */,
				92130C1B19D916430044439A /* RootViewController.xib */,
				92130C1E19D917850044439A /* NameAndColorCell.h */,
				92130C1F19D917850044439A /* NameAndColorCell.m */,
				92130C2119D92C610044439A /* NameAndColorCell.xib */,
			);
			path = "Custom Table Cells";
			sourceTree = "<group>";
		};
		92130BF119D9161A0044439A /* Supporting Files */ = {
			isa = PBXGroup;
			children = (
				92130BF219D9161A0044439A /* Custom Table Cells-Info.plist */,
				92130BF319D9161A0044439A /* InfoPlist.strings */,
				92130BF619D9161A0044439A /* main.m */,
				92130BF819D9161A0044439A /* Custom Table Cells-Prefix.pch */,
			);
			name = "Supporting Files";
			sourceTree = "<group>";
		};
		92130C0919D9161A0044439A /* Custom Table CellsTests */ = {
			isa = PBXGroup;
			children = (
				92130C0F19D9161A0044439A /* Custom_Table_CellsTests.m */,
				92130C0A19D9161A0044439A /* Supporting Files */,
			);
			path = "Custom Table CellsTests";
			sourceTree = "<group>";
		};
		92130C0A19D9161A0044439A /* Supporting Files */ = {
			isa = PBXGroup;
			children = (
				92130C0B19D9161A0044439A /* Custom Table CellsTests-Info.plist */,
				92130C0C19D9161A0044439A /* InfoPlist.strings */,
			);
			name = "Supporting Files";
			sourceTree = "<group>";
		};
/* End PBXGroup section */

/* Begin PBXNativeTarget section */
		92130BE619D9161A0044439A /* Custom Table Cells */ = {
			isa = PBXNativeTarget;
			buildConfigurationList = 92130C1319D9161A0044439A /* Build configuration list for PBXNativeTarget "Custom Table Cells" */;
			buildPhases = (
				92130BE319D9161A0044439A /* Sources */,
				92130BE419D9161A0044439A /* Frameworks */,
				92130BE519D9161A0044439A /* Resources */,
			);
			buildRules = (
			);
			dependencies = (
			);
			name = "Custom Table Cells";
			productName = "Custom Table Cells";
			productReference = 92130BE719D9161A0044439A /* Custom Table Cells.app */;
			productType = "com.apple.product-type.application";
		};
		92130C0119D9161A0044439A /* Custom Table CellsTests */ = {
			isa = PBXNativeTarget;
			buildConfigurationList = 92130C1619D9161A0044439A /* Build configuration list for PBXNativeTarget "Custom Table CellsTests" */;
			buildPhases = (
				92130BFE19D9161A0044439A /* Sources */,
				92130BFF19D9161A0044439A /* Frameworks */,
				92130C0019D9161A0044439A /* Resources */,
			);
			buildRules = (
			);
			dependencies = (
				92130C0819D9161A0044439A /* PBXTargetDependency */,
			);
			name = "Custom Table CellsTests";
			productName = "Custom Table CellsTests";
			productReference = 92130C0219D9161A0044439A /* Custom Table CellsTests.xctest */;
			productType = "com.apple.product-type.bundle.unit-test";
		};
/* End PBXNativeTarget section */

/* Begin PBXProject section */
		92130BDF19D9161A0044439A /* Project object */ = {
			isa = PBXProject;
			attributes = {
				LastUpgradeCheck = 0510;
				ORGANIZATIONNAME = "JUN LIU";
				TargetAttributes = {
					92130C0119D9161A0044439A = {
						TestTargetID = 92130BE619D9161A0044439A;
					};
				};
			};
			buildConfigurationList = 92130BE219D9161A0044439A /* Build configuration list for PBXProject "Custom Table Cells" */;
			compatibilityVersion = "Xcode 3.2";
			developmentRegion = English;
			hasScannedForEncodings = 0;
			knownRegions = (
				en,
			);
			mainGroup = 92130BDE19D9161A0044439A;
			productRefGroup = 92130BE819D9161A0044439A /* Products */;
			projectDirPath = "";
			projectRoot = "";
			targets = (
				92130BE619D9161A0044439A /* Custom Table Cells */,
				92130C0119D9161A0044439A /* Custom Table CellsTests */,
			);
		};
/* End PBXProject section */

/* Begin PBXResourcesBuildPhase section */
		92130BE519D9161A0044439A /* Resources */ = {
			isa = PBXResourcesBuildPhase;
			buildActionMask = 2147483647;
			files = (
				92130C2219D92C610044439A /* NameAndColorCell.xib in Resources */,
				92130BF519D9161A0044439A /* InfoPlist.strings in Resources */,
				92130BFD19D9161A0044439A /* Images.xcassets in Resources */,
				92130C1D19D916430044439A /* RootViewController.xib in Resources */,
			);
			runOnlyForDeploymentPostprocessing = 0;
		};
		92130C0019D9161A0044439A /* Resources */ = {
			isa = PBXResourcesBuildPhase;
			buildActionMask = 2147483647;
			files = (
				92130C0E19D9161A0044439A /* InfoPlist.strings in Resources */,
			);
			runOnlyForDeploymentPostprocessing = 0;
		};
/* End PBXResourcesBuildPhase section */

/* Begin PBXSourcesBuildPhase section */
		92130BE319D9161A0044439A /* Sources */ = {
			isa = PBXSourcesBuildPhase;
			buildActionMask = 2147483647;
			files = (
				92130C2019D917850044439A /* NameAndColorCell.m in Sources */,
				92130BFB19D9161A0044439A /* AppDelegate.m in Sources */,
				92130BF719D9161A0044439A /* main.m in Sources */,
				92130C1C19D916430044439A /* RootViewController.m in Sources */,
			);
			runOnlyForDeploymentPostprocessing = 0;
		};
		92130BFE19D9161A0044439A /* Sources */ = {
			isa = PBXSourcesBuildPhase;
			buildActionMask = 2147483647;
			files = (
				92130C1019D9161A0044439A /* Custom_Table_CellsTests.m in Sources */,
			);
			runOnlyForDeploymentPostprocessing = 0;
		};
/* End PBXSourcesBuildPhase section */

/* Begin PBXTargetDependency section */
		92130C0819D9161A0044439A /* PBXTargetDependency */ = {
			isa = PBXTargetDependency;
			target = 92130BE619D9161A0044439A /* Custom Table Cells */;
			targetProxy = 92130C0719D9161A0044439A /* PBXContainerItemProxy */;
		};
/* End PBXTargetDependency section */

/* Begin PBXVariantGroup section */
		92130BF319D9161A0044439A /* InfoPlist.strings */ = {
			isa = PBXVariantGroup;
			children = (
				92130BF419D9161A0044439A /* en */,
			);
			name = InfoPlist.strings;
			sourceTree = "<group>";
		};
		92130C0C19D9161A0044439A /* InfoPlist.strings */ = {
			isa = PBXVariantGroup;
			children = (
				92130C0D19D9161A0044439A /* en */,
			);
			name = InfoPlist.strings;
			sourceTree = "<group>";
		};
/* End PBXVariantGroup section */

/* Begin XCBuildConfiguration section */
		92130C1119D9161A0044439A /* Debug */ = {
			isa = XCBuildConfiguration;
			buildSettings = {
				ALWAYS_SEARCH_USER_PATHS = NO;
				CLANG_CXX_LANGUAGE_STANDARD = "gnu++0x";
				CLANG_CXX_LIBRARY = "libc++";
				CLANG_ENABLE_MODULES = YES;
				CLANG_ENABLE_OBJC_ARC = YES;
				CLANG_WARN_BOOL_CONVERSION = YES;
				CLANG_WARN_CONSTANT_CONVERSION = YES;
				CLANG_WARN_DIRECT_OBJC_ISA_USAGE = YES_ERROR;
				CLANG_WARN_EMPTY_BODY = YES;
				CLANG_WARN_ENUM_CONVERSION = YES;
				CLANG_WARN_INT_CONVERSION = YES;
				CLANG_WARN_OBJC_ROOT_CLASS = YES_ERROR;
				CLANG_WARN__DUPLICATE_METHOD_MATCH = YES;
				"CODE_SIGN_IDENTITY[sdk=iphoneos*]" = "iPhone Developer";
				COPY_PHASE_STRIP = NO;
				GCC_C_LANGUAGE_STANDARD = gnu99;
				GCC_DYNAMIC_NO_PIC = NO;
				GCC_OPTIMIZATION_LEVEL = 0;
				GCC_PREPROCESSOR_DEFINITIONS = (
					"DEBUG=1",
					"$(inherited)",
				);
				GCC_SYMBOLS_PRIVATE_EXTERN = NO;
				GCC_WARN_64_TO_32_BIT_CONVERSION = YES;
				GCC_WARN_ABOUT_RETURN_TYPE = YES_ERROR;
				GCC_WARN_UNDECLARED_SELECTOR = YES;
				GCC_WARN_UNINITIALIZED_AUTOS = YES_AGGRESSIVE;
				GCC_WARN_UNUSED_FUNCTION = YES;
				GCC_WARN_UNUSED_VARIABLE = YES;
				IPHONEOS_DEPLOYMENT_TARGET = 7.1;
				ONLY_ACTIVE_ARCH = YES;
				SDKROOT = iphoneos;
			};
			name = Debug;
		};
		92130C1219D9161A0044439A /* Release */ = {
			isa = XCBuildConfiguration;
			buildSettings = {
				ALWAYS_SEARCH_USER_PATHS = NO;
				CLANG_CXX_LANGUAGE_STANDARD = "gnu++0x";
				CLANG_CXX_LIBRARY = "libc++";
				CLANG_ENABLE_MODULES = YES;
				CLANG_ENABLE_OBJC_ARC = YES;
				CLANG_WARN_BOOL_CONVERSION = YES;
				CLANG_WARN_CONSTANT_CONVERSION = YES;
				CLANG_WARN_DIRECT_OBJC_ISA_USAGE = YES_ERROR;
				CLANG_WARN_EMPTY_BODY = YES;
				CLANG_WARN_ENUM_CONVERSION = YES;
				CLANG_WARN_INT_CONVERSION = YES;
				CLANG_WARN_OBJC_ROOT_CLASS = YES_ERROR;
				CLANG_WARN__DUPLICATE_METHOD_MATCH = YES;
				"CODE_SIGN_IDENTITY[sdk=iphoneos*]" = "iPhone Developer";
				COPY_PHASE_STRIP = YES;
				ENABLE_NS_ASSERTIONS = NO;
				GCC_C_LANGUAGE_STANDARD = gnu99;
				GCC_WARN_64_TO_32_BIT_CONVERSION = YES;
				GCC_WARN_ABOUT_RETURN_TYPE = YES_ERROR;
				GCC_WARN_UNDECLARED_SELECTOR = YES;
				GCC_WARN_UNINITIALIZED_AUTOS = YES_AGGRESSIVE;
				GCC_WARN_UNUSED_FUNCTION = YES;
				GCC_WARN_UNUSED_VARIABLE = YES;
				IPHONEOS_DEPLOYMENT_TARGET = 7.1;
				SDKROOT = iphoneos;
				VALIDATE_PRODUCT = YES;
			};
			name = Release;
		};
		92130C1419D9161A0044439A /* Debug */ = {
			isa = XCBuildConfiguration;
			buildSettings = {
				ASSETCATALOG_COMPILER_APPICON_NAME = AppIcon;
				ASSETCATALOG_COMPILER_LAUNCHIMAGE_NAME = LaunchImage;
				GCC_PRECOMPILE_PREFIX_HEADER = YES;
				GCC_PREFIX_HEADER = "Custom Table Cells/Custom Table Cells-Prefix.pch";
				INFOPLIST_FILE = "Custom Table Cells/Custom Table Cells-Info.plist";
				IPHONEOS_DEPLOYMENT_TARGET = 6.0;
				PRODUCT_NAME = "$(TARGET_NAME)";
				WRAPPER_EXTENSION = app;
			};
			name = Debug;
		};
		92130C1519D9161A0044439A /* Release */ = {
			isa = XCBuildConfiguration;
			buildSettings = {
				ASSETCATALOG_COMPILER_APPICON_NAME = AppIcon;
				ASSETCATALOG_COMPILER_LAUNCHIMAGE_NAME = LaunchImage;
				GCC_PRECOMPILE_PREFIX_HEADER = YES;
				GCC_PREFIX_HEADER = "Custom Table Cells/Custom Table Cells-Prefix.pch";
				INFOPLIST_FILE = "Custom Table Cells/Custom Table Cells-Info.plist";
				IPHONEOS_DEPLOYMENT_TARGET = 6.0;
				PRODUCT_NAME = "$(TARGET_NAME)";
				WRAPPER_EXTENSION = app;
			};
			name = Release;
		};
		92130C1719D9161A0044439A /* Debug */ = {
			isa = XCBuildConfiguration;
			buildSettings = {
				BUNDLE_LOADER = "$(BUILT_PRODUCTS_DIR)/Custom Table Cells.app/Custom Table Cells";
				FRAMEWORK_SEARCH_PATHS = (
					"$(SDKROOT)/Developer/Library/Frameworks",
					"$(inherited)",
					"$(DEVELOPER_FRAMEWORKS_DIR)",
				);
				GCC_PRECOMPILE_PREFIX_HEADER = YES;
				GCC_PREFIX_HEADER = "Custom Table Cells/Custom Table Cells-Prefix.pch";
				GCC_PREPROCESSOR_DEFINITIONS = (
					"DEBUG=1",
					"$(inherited)",
				);
				INFOPLIST_FILE = "Custom Table CellsTests/Custom Table CellsTests-Info.plist";
				PRODUCT_NAME = "$(TARGET_NAME)";
				TEST_HOST = "$(BUNDLE_LOADER)";
				WRAPPER_EXTENSION = xctest;
			};
			name = Debug;
		};
		92130C1819D9161A0044439A /* Release */ = {
			isa = XCBuildConfiguration;
			buildSettings = {
				BUNDLE_LOADER = "$(BUILT_PRODUCTS_DIR)/Custom Table Cells.app/Custom Table Cells";
				FRAMEWORK_SEARCH_PATHS = (
					"$(SDKROOT)/Developer/Library/Frameworks",
					"$(inherited)",
					"$(DEVELOPER_FRAMEWORKS_DIR)",
				);
				GCC_PRECOMPILE_PREFIX_HEADER = YES;
				GCC_PREFIX_HEADER = "Custom Table Cells/Custom Table Cells-Prefix.pch";
				INFOPLIST_FILE = "Custom Table CellsTests/Custom Table CellsTests-Info.plist";
				PRODUCT_NAME = "$(TARGET_NAME)";
				TEST_HOST = "$(BUNDLE_LOADER)";
				WRAPPER_EXTENSION = xctest;
			};
			name = Release;
		};
/* End XCBuildConfiguration section */

/* Begin XCConfigurationList section */
		92130BE219D9161A0044439A /* Build configuration list for PBXProject "Custom Table Cells" */ = {
			isa = XCConfigurationList;
			buildConfigurations = (
				92130C1119D9161A0044439A /* Debug */,
				92130C1219D9161A0044439A /* Release */,
			);
			defaultConfigurationIsVisible = 0;
			defaultConfigurationName = Release;
		};
		92130C1319D9161A0044439A /* Build configuration list for PBXNativeTarget "Custom Table Cells" */ = {
			isa = XCConfigurationList;
			buildConfigurations = (
				92130C1419D9161A0044439A /* Debug */,
				92130C1519D9161A0044439A /* Release */,
			);
			defaultConfigurationIsVisible = 0;
		};
		92130C1619D9161A0044439A /* Build configuration list for PBXNativeTarget "Custom Table CellsTests" */ = {
			isa = XCConfigurationList;
			buildConfigurations = (
				92130C1719D9161A0044439A /* Debug */,
				92130C1819D9161A0044439A /* Release */,
			);
			defaultConfigurationIsVisible = 0;
		};
/* End XCConfigurationList section */
	};
	rootObject = 92130BDF19D9161A0044439A /* Project object */;
}
